
Microsoft Visual Studio Solution File, Format Version 12.00
# Visual Studio Version 16
VisualStudioVersion = 16.0.30104.148
MinimumVisualStudioVersion = 10.0.40219.1
Project("{F184B08F-C81C-45F6-A57F-5ABD9991F28F}") = "SimpleAntivirus", "SimpleAntivirus\SimpleAntivirus.vbproj", "{96E267DB-7DB0-4FCA-A8B1-0380C62CCC14}"
EndProject
Global
	GlobalSection(SolutionConfigurationPlatforms) = preSolution
		Debug|Any CPU = Debug|Any CPU
		Release|Any CPU = Release|Any CPU
	EndGlobalSection
	GlobalSection(ProjectConfigurationPlatforms) = postSolution
		{96E267DB-7DB0-4FCA-A8B1-0380C62CCC14}.Debug|Any CPU.ActiveCfg = Debug|Any CPU
		{96E267DB-7DB0-4FCA-A8B1-0380C62CCC14}.Debug|Any CPU.Build.0 = Debug|Any CPU
		{96E267DB-7DB0-4FCA-A8B1-0380C62CCC14}.Release|Any CPU.ActiveCfg = Release|Any CPU
		{96E267DB-7DB0-4FCA-A8B1-0380C62CCC14}.Release|Any CPU.Build.0 = Release|Any CPU
	EndGlobalSection
	GlobalSection(SolutionProperties) = preSolution
		HideSolutionNode = FALSE
	EndGlobalSection
	GlobalSection(ExtensibilityGlobals) = postSolution
		SolutionGuid = {FC262AC3-8090-45DA-A731-E936FFD5148A}
	EndGlobalSection
EndGlobal
