
Microsoft Visual Studio Solution File, Format Version 12.00
# Visual Studio Version 16
VisualStudioVersion = 16.0.30104.148
MinimumVisualStudioVersion = 10.0.40219.1
Project("{FAE04EC0-301F-11D3-BF4B-00C04F79EFBC}") = "AntivirusLight", "AntivirusLight\AntivirusLight.csproj", "{BBD7E267-B69F-41DC-89B1-4069ED7291A1}"
EndProject
Global
	GlobalSection(SolutionConfigurationPlatforms) = preSolution
		Debug|Any CPU = Debug|Any CPU
		Release|Any CPU = Release|Any CPU
	EndGlobalSection
	GlobalSection(ProjectConfigurationPlatforms) = postSolution
		{BBD7E267-B69F-41DC-89B1-4069ED7291A1}.Debug|Any CPU.ActiveCfg = Debug|Any CPU
		{BBD7E267-B69F-41DC-89B1-4069ED7291A1}.Debug|Any CPU.Build.0 = Debug|Any CPU
		{BBD7E267-B69F-41DC-89B1-4069ED7291A1}.Release|Any CPU.ActiveCfg = Release|Any CPU
		{BBD7E267-B69F-41DC-89B1-4069ED7291A1}.Release|Any CPU.Build.0 = Release|Any CPU
	EndGlobalSection
	GlobalSection(SolutionProperties) = preSolution
		HideSolutionNode = FALSE
	EndGlobalSection
	GlobalSection(ExtensibilityGlobals) = postSolution
		SolutionGuid = {32721869-32BD-418F-A46D-8D7728FC2A85}
	EndGlobalSection
EndGlobal
